
Microsoft Visual Studio Solution File, Format Version 12.00
# Visual Studio Version 16
VisualStudioVersion = 16.0.34407.143
MinimumVisualStudioVersion = 10.0.40219.1
Project("{FAE04EC0-301F-11D3-BF4B-00C04F79EFBC}") = "laba3_17.12.25", "laba3_17.12.25\laba3_17.12.25.csproj", "{82479A95-8F36-4B6F-A8FD-1EE30E81B33E}"
EndProject
Global
	GlobalSection(SolutionConfigurationPlatforms) = preSolution
		Debug|Any CPU = Debug|Any CPU
		Release|Any CPU = Release|Any CPU
	EndGlobalSection
	GlobalSection(ProjectConfigurationPlatforms) = postSolution
		{82479A95-8F36-4B6F-A8FD-1EE30E81B33E}.Debug|Any CPU.ActiveCfg = Debug|Any CPU
		{82479A95-8F36-4B6F-A8FD-1EE30E81B33E}.Debug|Any CPU.Build.0 = Debug|Any CPU
		{82479A95-8F36-4B6F-A8FD-1EE30E81B33E}.Release|Any CPU.ActiveCfg = Release|Any CPU
		{82479A95-8F36-4B6F-A8FD-1EE30E81B33E}.Release|Any CPU.Build.0 = Release|Any CPU
	EndGlobalSection
	GlobalSection(SolutionProperties) = preSolution
		HideSolutionNode = FALSE
	EndGlobalSection
	GlobalSection(ExtensibilityGlobals) = postSolution
		SolutionGuid = {EEB7209B-2768-4C48-B5A1-0C796A8914A5}
	EndGlobalSection
EndGlobal
