
Microsoft Visual Studio Solution File, Format Version 12.00
# Visual Studio Version 16
VisualStudioVersion = 16.0.34407.143
MinimumVisualStudioVersion = 10.0.40219.1
Project("{FAE04EC0-301F-11D3-BF4B-00C04F79EFBC}") = "laba_28.01.26", "laba_28.01.26\laba_28.01.26.csproj", "{0597C242-44D0-4DEB-BCEB-77E54890B92E}"
EndProject
Global
	GlobalSection(SolutionConfigurationPlatforms) = preSolution
		Debug|Any CPU = Debug|Any CPU
		Release|Any CPU = Release|Any CPU
	EndGlobalSection
	GlobalSection(ProjectConfigurationPlatforms) = postSolution
		{0597C242-44D0-4DEB-BCEB-77E54890B92E}.Debug|Any CPU.ActiveCfg = Debug|Any CPU
		{0597C242-44D0-4DEB-BCEB-77E54890B92E}.Debug|Any CPU.Build.0 = Debug|Any CPU
		{0597C242-44D0-4DEB-BCEB-77E54890B92E}.Release|Any CPU.ActiveCfg = Release|Any CPU
		{0597C242-44D0-4DEB-BCEB-77E54890B92E}.Release|Any CPU.Build.0 = Release|Any CPU
	EndGlobalSection
	GlobalSection(SolutionProperties) = preSolution
		HideSolutionNode = FALSE
	EndGlobalSection
	GlobalSection(ExtensibilityGlobals) = postSolution
		SolutionGuid = {47EA4EE3-9ADF-4527-ADC0-73AF20EEE091}
	EndGlobalSection
EndGlobal
