
Microsoft Visual Studio Solution File, Format Version 12.00
# Visual Studio Version 16
VisualStudioVersion = 16.0.34407.143
MinimumVisualStudioVersion = 10.0.40219.1
Project("{FAE04EC0-301F-11D3-BF4B-00C04F79EFBC}") = "ConsoleApp1", "ConsoleApp1\ConsoleApp1.csproj", "{6296E1E6-9171-4B1B-91EE-9AACDF2E4F50}"
EndProject
Project("{FAE04EC0-301F-11D3-BF4B-00C04F79EFBC}") = "ConsoleApp2", "ConsoleApp2\ConsoleApp2.csproj", "{D19C0434-08E8-4025-A9E6-A837D022966E}"
EndProject
Global
	GlobalSection(SolutionConfigurationPlatforms) = preSolution
		Debug|Any CPU = Debug|Any CPU
		Release|Any CPU = Release|Any CPU
	EndGlobalSection
	GlobalSection(ProjectConfigurationPlatforms) = postSolution
		{6296E1E6-9171-4B1B-91EE-9AACDF2E4F50}.Debug|Any CPU.ActiveCfg = Debug|Any CPU
		{6296E1E6-9171-4B1B-91EE-9AACDF2E4F50}.Debug|Any CPU.Build.0 = Debug|Any CPU
		{6296E1E6-9171-4B1B-91EE-9AACDF2E4F50}.Release|Any CPU.ActiveCfg = Release|Any CPU
		{6296E1E6-9171-4B1B-91EE-9AACDF2E4F50}.Release|Any CPU.Build.0 = Release|Any CPU
		{D19C0434-08E8-4025-A9E6-A837D022966E}.Debug|Any CPU.ActiveCfg = Debug|Any CPU
		{D19C0434-08E8-4025-A9E6-A837D022966E}.Debug|Any CPU.Build.0 = Debug|Any CPU
		{D19C0434-08E8-4025-A9E6-A837D022966E}.Release|Any CPU.ActiveCfg = Release|Any CPU
		{D19C0434-08E8-4025-A9E6-A837D022966E}.Release|Any CPU.Build.0 = Release|Any CPU
	EndGlobalSection
	GlobalSection(SolutionProperties) = preSolution
		HideSolutionNode = FALSE
	EndGlobalSection
	GlobalSection(ExtensibilityGlobals) = postSolution
		SolutionGuid = {2098C42F-011E-4272-A0D3-85DB56B27470}
	EndGlobalSection
EndGlobal
