
Microsoft Visual Studio Solution File, Format Version 12.00
# Visual Studio Version 16
VisualStudioVersion = 16.0.34407.143
MinimumVisualStudioVersion = 10.0.40219.1
Project("{FAE04EC0-301F-11D3-BF4B-00C04F79EFBC}") = "ConsoleApp14", "ConsoleApp14\ConsoleApp14.csproj", "{088D7D2B-2771-4A4C-BC41-137695E9506E}"
EndProject
Global
	GlobalSection(SolutionConfigurationPlatforms) = preSolution
		Debug|Any CPU = Debug|Any CPU
		Release|Any CPU = Release|Any CPU
	EndGlobalSection
	GlobalSection(ProjectConfigurationPlatforms) = postSolution
		{088D7D2B-2771-4A4C-BC41-137695E9506E}.Debug|Any CPU.ActiveCfg = Debug|Any CPU
		{088D7D2B-2771-4A4C-BC41-137695E9506E}.Debug|Any CPU.Build.0 = Debug|Any CPU
		{088D7D2B-2771-4A4C-BC41-137695E9506E}.Release|Any CPU.ActiveCfg = Release|Any CPU
		{088D7D2B-2771-4A4C-BC41-137695E9506E}.Release|Any CPU.Build.0 = Release|Any CPU
	EndGlobalSection
	GlobalSection(SolutionProperties) = preSolution
		HideSolutionNode = FALSE
	EndGlobalSection
	GlobalSection(ExtensibilityGlobals) = postSolution
		SolutionGuid = {6A267469-A236-4132-9D84-980CD72BF95E}
	EndGlobalSection
EndGlobal
