
Microsoft Visual Studio Solution File, Format Version 12.00
# Visual Studio Version 16
VisualStudioVersion = 16.0.34407.143
MinimumVisualStudioVersion = 10.0.40219.1
Project("{FAE04EC0-301F-11D3-BF4B-00C04F79EFBC}") = "messeg", "messeg\messeg.csproj", "{3CC30469-091D-4731-8443-1A7715DFD5DC}"
EndProject
Global
	GlobalSection(SolutionConfigurationPlatforms) = preSolution
		Debug|Any CPU = Debug|Any CPU
		Release|Any CPU = Release|Any CPU
	EndGlobalSection
	GlobalSection(ProjectConfigurationPlatforms) = postSolution
		{3CC30469-091D-4731-8443-1A7715DFD5DC}.Debug|Any CPU.ActiveCfg = Debug|Any CPU
		{3CC30469-091D-4731-8443-1A7715DFD5DC}.Debug|Any CPU.Build.0 = Debug|Any CPU
		{3CC30469-091D-4731-8443-1A7715DFD5DC}.Release|Any CPU.ActiveCfg = Release|Any CPU
		{3CC30469-091D-4731-8443-1A7715DFD5DC}.Release|Any CPU.Build.0 = Release|Any CPU
	EndGlobalSection
	GlobalSection(SolutionProperties) = preSolution
		HideSolutionNode = FALSE
	EndGlobalSection
	GlobalSection(ExtensibilityGlobals) = postSolution
		SolutionGuid = {8990D7B5-DE4B-4BF9-A2FF-A58B5907D869}
	EndGlobalSection
EndGlobal
